
Microsoft Visual Studio Solution File, Format Version 12.00
# Visual Studio Version 16
VisualStudioVersion = 16.0.31402.337
MinimumVisualStudioVersion = 10.0.40219.1
Project("{FAE04EC0-301F-11D3-BF4B-00C04F79EFBC}") = "Elibaray", "Elibaray\Elibaray.csproj", "{77B56F68-B398-45E7-B619-4EDD3D953680}"
EndProject
Global
	GlobalSection(SolutionConfigurationPlatforms) = preSolution
		Debug|Any CPU = Debug|Any CPU
		Release|Any CPU = Release|Any CPU
	EndGlobalSection
	GlobalSection(ProjectConfigurationPlatforms) = postSolution
		{77B56F68-B398-45E7-B619-4EDD3D953680}.Debug|Any CPU.ActiveCfg = Debug|Any CPU
		{77B56F68-B398-45E7-B619-4EDD3D953680}.Debug|Any CPU.Build.0 = Debug|Any CPU
		{77B56F68-B398-45E7-B619-4EDD3D953680}.Release|Any CPU.ActiveCfg = Release|Any CPU
		{77B56F68-B398-45E7-B619-4EDD3D953680}.Release|Any CPU.Build.0 = Release|Any CPU
	EndGlobalSection
	GlobalSection(SolutionProperties) = preSolution
		HideSolutionNode = FALSE
	EndGlobalSection
	GlobalSection(ExtensibilityGlobals) = postSolution
		SolutionGuid = {D820CDC4-FC08-4C3A-B2BC-5F87628F39F6}
	EndGlobalSection
EndGlobal
